
Microsoft Visual Studio Solution File, Format Version 12.00
# Visual Studio 2012
Project("{FAE04EC0-301F-11D3-BF4B-00C04F79EFBC}") = "JWMSY", "JWMSY\JWMSY.csproj", "{B97A047D-C40A-4F21-BB3E-06082D22FA3B}"
EndProject
Project("{FAE04EC0-301F-11D3-BF4B-00C04F79EFBC}") = "DataService", "DataService\DataService.csproj", "{50CC49E4-E4F7-462A-A340-7FF63B7AF3A4}"
EndProject
Project("{FAE04EC0-301F-11D3-BF4B-00C04F79EFBC}") = "SerialDebug", "SerialDebug\SerialDebug.csproj", "{9405B314-D9C9-4D45-86BC-033682F02388}"
EndProject
Project("{FAE04EC0-301F-11D3-BF4B-00C04F79EFBC}") = "WMSM", "WMSM\WMSM.csproj", "{B66E86E1-BC60-49A9-80B2-0E579A4820ED}"
EndProject
Project("{FAE04EC0-301F-11D3-BF4B-00C04F79EFBC}") = "UDLB", "UDLB\UDLB.csproj", "{23FD1978-A059-40CF-9A21-2B224E0EF695}"
EndProject
Project("{FAE04EC0-301F-11D3-BF4B-00C04F79EFBC}") = "AutoSync", "AutoSync\AutoSync.csproj", "{53E52908-A4EA-4FB4-A329-1ACF97CFB306}"
EndProject
Global
	GlobalSection(SolutionConfigurationPlatforms) = preSolution
		Debug|Any CPU = Debug|Any CPU
		Release|Any CPU = Release|Any CPU
	EndGlobalSection
	GlobalSection(ProjectConfigurationPlatforms) = postSolution
		{B97A047D-C40A-4F21-BB3E-06082D22FA3B}.Debug|Any CPU.ActiveCfg = Debug|Any CPU
		{B97A047D-C40A-4F21-BB3E-06082D22FA3B}.Debug|Any CPU.Build.0 = Debug|Any CPU
		{B97A047D-C40A-4F21-BB3E-06082D22FA3B}.Release|Any CPU.ActiveCfg = Release|Any CPU
		{B97A047D-C40A-4F21-BB3E-06082D22FA3B}.Release|Any CPU.Build.0 = Release|Any CPU
		{50CC49E4-E4F7-462A-A340-7FF63B7AF3A4}.Debug|Any CPU.ActiveCfg = Debug|Any CPU
		{50CC49E4-E4F7-462A-A340-7FF63B7AF3A4}.Debug|Any CPU.Build.0 = Debug|Any CPU
		{50CC49E4-E4F7-462A-A340-7FF63B7AF3A4}.Release|Any CPU.ActiveCfg = Release|Any CPU
		{50CC49E4-E4F7-462A-A340-7FF63B7AF3A4}.Release|Any CPU.Build.0 = Release|Any CPU
		{9405B314-D9C9-4D45-86BC-033682F02388}.Debug|Any CPU.ActiveCfg = Debug|Any CPU
		{9405B314-D9C9-4D45-86BC-033682F02388}.Debug|Any CPU.Build.0 = Debug|Any CPU
		{9405B314-D9C9-4D45-86BC-033682F02388}.Release|Any CPU.ActiveCfg = Release|Any CPU
		{9405B314-D9C9-4D45-86BC-033682F02388}.Release|Any CPU.Build.0 = Release|Any CPU
		{B66E86E1-BC60-49A9-80B2-0E579A4820ED}.Debug|Any CPU.ActiveCfg = Debug|Any CPU
		{B66E86E1-BC60-49A9-80B2-0E579A4820ED}.Debug|Any CPU.Build.0 = Debug|Any CPU
		{B66E86E1-BC60-49A9-80B2-0E579A4820ED}.Release|Any CPU.ActiveCfg = Release|Any CPU
		{B66E86E1-BC60-49A9-80B2-0E579A4820ED}.Release|Any CPU.Build.0 = Release|Any CPU
		{23FD1978-A059-40CF-9A21-2B224E0EF695}.Debug|Any CPU.ActiveCfg = Debug|Any CPU
		{23FD1978-A059-40CF-9A21-2B224E0EF695}.Debug|Any CPU.Build.0 = Debug|Any CPU
		{23FD1978-A059-40CF-9A21-2B224E0EF695}.Release|Any CPU.ActiveCfg = Release|Any CPU
		{23FD1978-A059-40CF-9A21-2B224E0EF695}.Release|Any CPU.Build.0 = Release|Any CPU
		{53E52908-A4EA-4FB4-A329-1ACF97CFB306}.Debug|Any CPU.ActiveCfg = Debug|Any CPU
		{53E52908-A4EA-4FB4-A329-1ACF97CFB306}.Debug|Any CPU.Build.0 = Debug|Any CPU
		{53E52908-A4EA-4FB4-A329-1ACF97CFB306}.Release|Any CPU.ActiveCfg = Release|Any CPU
		{53E52908-A4EA-4FB4-A329-1ACF97CFB306}.Release|Any CPU.Build.0 = Release|Any CPU
	EndGlobalSection
	GlobalSection(SolutionProperties) = preSolution
		HideSolutionNode = FALSE
	EndGlobalSection
EndGlobal
